
Microsoft Visual Studio Solution File, Format Version 12.00
# Visual Studio Version 16
VisualStudioVersion = 16.0.29920.165
MinimumVisualStudioVersion = 10.0.40219.1
Project("{9A19103F-16F7-4668-BE54-9A1E7A4F7556}") = "Lexvor", "Lexvor\Lexvor.csproj", "{59C4BFAF-C7B4-4A24-ABF2-CC2E202E8D3C}"
EndProject
Project("{9A19103F-16F7-4668-BE54-9A1E7A4F7556}") = "Lexvor.Tests", "Lexvor.Tests\Lexvor.Tests.csproj", "{FBF6FFF2-F1E0-4A0F-BD69-9E5BB662D876}"
EndProject
Project("{FAE04EC0-301F-11D3-BF4B-00C04F79EFBC}") = "ChargeOver.Wrapper", "ChargeOver\src\ChargeOver.Wrapper\ChargeOver.Wrapper.csproj", "{03E09695-088D-4971-8888-EB16A8565EEB}"
EndProject
Project("{FAE04EC0-301F-11D3-BF4B-00C04F79EFBC}") = "MAX.USPS", "USPS\MAX.USPS.csproj", "{BAB21EB2-2A87-4076-A029-96ABC7EECE2F}"
EndProject
Project("{2150E333-8FDC-42A3-9474-1A3956D46DE8}") = "Solution Items", "Solution Items", "{1822392B-CFFC-489D-8E9C-C916F3EFC52C}"
	ProjectSection(SolutionItems) = preProject
		.editorconfig = .editorconfig
	EndProjectSection
EndProject
Global
	GlobalSection(SolutionConfigurationPlatforms) = preSolution
		Debug|Any CPU = Debug|Any CPU
		Release|Any CPU = Release|Any CPU
	EndGlobalSection
	GlobalSection(ProjectConfigurationPlatforms) = postSolution
		{59C4BFAF-C7B4-4A24-ABF2-CC2E202E8D3C}.Debug|Any CPU.ActiveCfg = Debug|Any CPU
		{59C4BFAF-C7B4-4A24-ABF2-CC2E202E8D3C}.Debug|Any CPU.Build.0 = Debug|Any CPU
		{59C4BFAF-C7B4-4A24-ABF2-CC2E202E8D3C}.Release|Any CPU.ActiveCfg = Release|Any CPU
		{59C4BFAF-C7B4-4A24-ABF2-CC2E202E8D3C}.Release|Any CPU.Build.0 = Release|Any CPU
		{FBF6FFF2-F1E0-4A0F-BD69-9E5BB662D876}.Debug|Any CPU.ActiveCfg = Debug|Any CPU
		{FBF6FFF2-F1E0-4A0F-BD69-9E5BB662D876}.Debug|Any CPU.Build.0 = Debug|Any CPU
		{FBF6FFF2-F1E0-4A0F-BD69-9E5BB662D876}.Release|Any CPU.ActiveCfg = Release|Any CPU
		{FBF6FFF2-F1E0-4A0F-BD69-9E5BB662D876}.Release|Any CPU.Build.0 = Release|Any CPU
		{03E09695-088D-4971-8888-EB16A8565EEB}.Debug|Any CPU.ActiveCfg = Debug|Any CPU
		{03E09695-088D-4971-8888-EB16A8565EEB}.Debug|Any CPU.Build.0 = Debug|Any CPU
		{03E09695-088D-4971-8888-EB16A8565EEB}.Release|Any CPU.ActiveCfg = Release|Any CPU
		{03E09695-088D-4971-8888-EB16A8565EEB}.Release|Any CPU.Build.0 = Release|Any CPU
		{BAB21EB2-2A87-4076-A029-96ABC7EECE2F}.Debug|Any CPU.ActiveCfg = Debug|Any CPU
		{BAB21EB2-2A87-4076-A029-96ABC7EECE2F}.Debug|Any CPU.Build.0 = Debug|Any CPU
		{BAB21EB2-2A87-4076-A029-96ABC7EECE2F}.Release|Any CPU.ActiveCfg = Release|Any CPU
		{BAB21EB2-2A87-4076-A029-96ABC7EECE2F}.Release|Any CPU.Build.0 = Release|Any CPU
	EndGlobalSection
	GlobalSection(SolutionProperties) = preSolution
		HideSolutionNode = FALSE
	EndGlobalSection
	GlobalSection(ExtensibilityGlobals) = postSolution
		SolutionGuid = {8671A6F2-F9C6-4F53-B91F-745BE62F6BC6}
	EndGlobalSection
EndGlobal
